
Microsoft Visual Studio Solution File, Format Version 12.00
# Visual Studio 2013
VisualStudioVersion = 12.0.40629.0
MinimumVisualStudioVersion = 10.0.40219.1
Project("{FAE04EC0-301F-11D3-BF4B-00C04F79EFBC}") = "ECommerce.WebApi", "ECommerce.WebApi\ECommerce.WebApi.csproj", "{EFD75631-8E7A-41CE-8AFC-870361911D26}"
EndProject
Project("{FAE04EC0-301F-11D3-BF4B-00C04F79EFBC}") = "ECommerce.WebApi.Tests", "ECommerce.WebApi.Tests\ECommerce.WebApi.Tests.csproj", "{B451E256-F8D9-4FB5-B03A-255BD45D4061}"
EndProject
Global
	GlobalSection(SolutionConfigurationPlatforms) = preSolution
		Debug|Any CPU = Debug|Any CPU
		Release|Any CPU = Release|Any CPU
	EndGlobalSection
	GlobalSection(ProjectConfigurationPlatforms) = postSolution
		{EFD75631-8E7A-41CE-8AFC-870361911D26}.Debug|Any CPU.ActiveCfg = Debug|Any CPU
		{EFD75631-8E7A-41CE-8AFC-870361911D26}.Debug|Any CPU.Build.0 = Debug|Any CPU
		{EFD75631-8E7A-41CE-8AFC-870361911D26}.Release|Any CPU.ActiveCfg = Release|Any CPU
		{EFD75631-8E7A-41CE-8AFC-870361911D26}.Release|Any CPU.Build.0 = Release|Any CPU
		{B451E256-F8D9-4FB5-B03A-255BD45D4061}.Debug|Any CPU.ActiveCfg = Debug|Any CPU
		{B451E256-F8D9-4FB5-B03A-255BD45D4061}.Debug|Any CPU.Build.0 = Debug|Any CPU
		{B451E256-F8D9-4FB5-B03A-255BD45D4061}.Release|Any CPU.ActiveCfg = Release|Any CPU
		{B451E256-F8D9-4FB5-B03A-255BD45D4061}.Release|Any CPU.Build.0 = Release|Any CPU
	EndGlobalSection
	GlobalSection(SolutionProperties) = preSolution
		HideSolutionNode = FALSE
	EndGlobalSection
EndGlobal
